{
  "name": "yaver-backend",
  "version": "1.1.11",
  "lockfileVersion": 3,
  "requires": true,
  "packages": {
    "": {
      "name": "yaver-backend",
      "version": "1.1.11",
      "license": "SEE LICENSE IN LICENSE",
      "dependencies": {
        "@noble/ed25519": "^2.3.0",
        "@simplewebauthn/server": "^13.3.0",
        "convex": "^1.41.0",
        "jose": "^6.2.3"
      },
      "devDependencies": {
        "@types/node": "^25.4.0",
        "typescript": "^5.9.3"
      }
    },
    "node_modules/@esbuild/aix-ppc64": {
      "version": "0.27.0",
      "resolved": "https://registry.npmjs.org/@esbuild/aix-ppc64/-/aix-ppc64-0.27.0.tgz",
      "integrity": "sha512-KuZrd2hRjz01y5JK9mEBSD3Vj3mbCvemhT466rSuJYeE/hjuBrHfjjcjMdTm/sz7au+++sdbJZJmuBwQLuw68A==",
      "cpu": [
        "ppc64"
      ],
      "license": "MIT",
      "optional": true,
      "os": [
        "aix"
      ],
      "engines": {
        "node": ">=18"
      }
    },
    "node_modules/@esbuild/android-arm": {
      "version": "0.27.0",
      "resolved": "https://registry.npmjs.org/@esbuild/android-arm/-/android-arm-0.27.0.tgz",
      "integrity": "sha512-j67aezrPNYWJEOHUNLPj9maeJte7uSMM6gMoxfPC9hOg8N02JuQi/T7ewumf4tNvJadFkvLZMlAq73b9uwdMyQ==",
      "cpu": [
        "arm"
      ],
      "license": "MIT",
      "optional": true,
      "os": [
        "android"
      ],
      "engines": {
        "node": ">=18"
      }
    },
    "node_modules/@esbuild/android-arm64": {
      "version": "0.27.0",
      "resolved": "https://registry.npmjs.org/@esbuild/android-arm64/-/android-arm64-0.27.0.tgz",
      "integrity": "sha512-CC3vt4+1xZrs97/PKDkl0yN7w8edvU2vZvAFGD16n9F0Cvniy5qvzRXjfO1l94efczkkQE6g1x0i73Qf5uthOQ==",
      "cpu": [
        "arm64"
      ],
      "license": "MIT",
      "optional": true,
      "os": [
        "android"
      ],
      "engines": {
        "node": ">=18"
      }
    },
    "node_modules/@esbuild/android-x64": {
      "version": "0.27.0",
      "resolved": "https://registry.npmjs.org/@esbuild/android-x64/-/android-x64-0.27.0.tgz",
      "integrity": "sha512-wurMkF1nmQajBO1+0CJmcN17U4BP6GqNSROP8t0X/Jiw2ltYGLHpEksp9MpoBqkrFR3kv2/te6Sha26k3+yZ9Q==",
      "cpu": [
        "x64"
      ],
      "license": "MIT",
      "optional": true,
      "os": [
        "android"
      ],
      "engines": {
        "node": ">=18"
      }
    },
    "node_modules/@esbuild/darwin-arm64": {
      "version": "0.27.0",
      "resolved": "https://registry.npmjs.org/@esbuild/darwin-arm64/-/darwin-arm64-0.27.0.tgz",
      "integrity": "sha512-uJOQKYCcHhg07DL7i8MzjvS2LaP7W7Pn/7uA0B5S1EnqAirJtbyw4yC5jQ5qcFjHK9l6o/MX9QisBg12kNkdHg==",
      "cpu": [
        "arm64"
      ],
      "license": "MIT",
      "optional": true,
      "os": [
        "darwin"
      ],
      "engines": {
        "node": ">=18"
      }
    },
    "node_modules/@esbuild/darwin-x64": {
      "version": "0.27.0",
      "resolved": "https://registry.npmjs.org/@esbuild/darwin-x64/-/darwin-x64-0.27.0.tgz",
      "integrity": "sha512-8mG6arH3yB/4ZXiEnXof5MK72dE6zM9cDvUcPtxhUZsDjESl9JipZYW60C3JGreKCEP+p8P/72r69m4AZGJd5g==",
      "cpu": [
        "x64"
      ],
      "license": "MIT",
      "optional": true,
      "os": [
        "darwin"
      ],
      "engines": {
        "node": ">=18"
      }
    },
    "node_modules/@esbuild/freebsd-arm64": {
      "version": "0.27.0",
      "resolved": "https://registry.npmjs.org/@esbuild/freebsd-arm64/-/freebsd-arm64-0.27.0.tgz",
      "integrity": "sha512-9FHtyO988CwNMMOE3YIeci+UV+x5Zy8fI2qHNpsEtSF83YPBmE8UWmfYAQg6Ux7Gsmd4FejZqnEUZCMGaNQHQw==",
      "cpu": [
        "arm64"
      ],
      "license": "MIT",
      "optional": true,
      "os": [
        "freebsd"
      ],
      "engines": {
        "node": ">=18"
      }
    },
    "node_modules/@esbuild/freebsd-x64": {
      "version": "0.27.0",
      "resolved": "https://registry.npmjs.org/@esbuild/freebsd-x64/-/freebsd-x64-0.27.0.tgz",
      "integrity": "sha512-zCMeMXI4HS/tXvJz8vWGexpZj2YVtRAihHLk1imZj4efx1BQzN76YFeKqlDr3bUWI26wHwLWPd3rwh6pe4EV7g==",
      "cpu": [
        "x64"
      ],
      "license": "MIT",
      "optional": true,
      "os": [
        "freebsd"
      ],
      "engines": {
        "node": ">=18"
      }
    },
    "node_modules/@esbuild/linux-arm": {
      "version": "0.27.0",
      "resolved": "https://registry.npmjs.org/@esbuild/linux-arm/-/linux-arm-0.27.0.tgz",
      "integrity": "sha512-t76XLQDpxgmq2cNXKTVEB7O7YMb42atj2Re2Haf45HkaUpjM2J0UuJZDuaGbPbamzZ7bawyGFUkodL+zcE+jvQ==",
      "cpu": [
        "arm"
      ],
      "license": "MIT",
      "optional": true,
      "os": [
        "linux"
      ],
      "engines": {
        "node": ">=18"
      }
    },
    "node_modules/@esbuild/linux-arm64": {
      "version": "0.27.0",
      "resolved": "https://registry.npmjs.org/@esbuild/linux-arm64/-/linux-arm64-0.27.0.tgz",
      "integrity": "sha512-AS18v0V+vZiLJyi/4LphvBE+OIX682Pu7ZYNsdUHyUKSoRwdnOsMf6FDekwoAFKej14WAkOef3zAORJgAtXnlQ==",
      "cpu": [
        "arm64"
      ],
      "license": "MIT",
      "optional": true,
      "os": [
        "linux"
      ],
      "engines": {
        "node": ">=18"
      }
    },
    "node_modules/@esbuild/linux-ia32": {
      "version": "0.27.0",
      "resolved": "https://registry.npmjs.org/@esbuild/linux-ia32/-/linux-ia32-0.27.0.tgz",
      "integrity": "sha512-Mz1jxqm/kfgKkc/KLHC5qIujMvnnarD9ra1cEcrs7qshTUSksPihGrWHVG5+osAIQ68577Zpww7SGapmzSt4Nw==",
      "cpu": [
        "ia32"
      ],
      "license": "MIT",
      "optional": true,
      "os": [
        "linux"
      ],
      "engines": {
        "node": ">=18"
      }
    },
    "node_modules/@esbuild/linux-loong64": {
      "version": "0.27.0",
      "resolved": "https://registry.npmjs.org/@esbuild/linux-loong64/-/linux-loong64-0.27.0.tgz",
      "integrity": "sha512-QbEREjdJeIreIAbdG2hLU1yXm1uu+LTdzoq1KCo4G4pFOLlvIspBm36QrQOar9LFduavoWX2msNFAAAY9j4BDg==",
      "cpu": [
        "loong64"
      ],
      "license": "MIT",
      "optional": true,
      "os": [
        "linux"
      ],
      "engines": {
        "node": ">=18"
      }
    },
    "node_modules/@esbuild/linux-mips64el": {
      "version": "0.27.0",
      "resolved": "https://registry.npmjs.org/@esbuild/linux-mips64el/-/linux-mips64el-0.27.0.tgz",
      "integrity": "sha512-sJz3zRNe4tO2wxvDpH/HYJilb6+2YJxo/ZNbVdtFiKDufzWq4JmKAiHy9iGoLjAV7r/W32VgaHGkk35cUXlNOg==",
      "cpu": [
        "mips64el"
      ],
      "license": "MIT",
      "optional": true,
      "os": [
        "linux"
      ],
      "engines": {
        "node": ">=18"
      }
    },
    "node_modules/@esbuild/linux-ppc64": {
      "version": "0.27.0",
      "resolved": "https://registry.npmjs.org/@esbuild/linux-ppc64/-/linux-ppc64-0.27.0.tgz",
      "integrity": "sha512-z9N10FBD0DCS2dmSABDBb5TLAyF1/ydVb+N4pi88T45efQ/w4ohr/F/QYCkxDPnkhkp6AIpIcQKQ8F0ANoA2JA==",
      "cpu": [
        "ppc64"
      ],
      "license": "MIT",
      "optional": true,
      "os": [
        "linux"
      ],
      "engines": {
        "node": ">=18"
      }
    },
    "node_modules/@esbuild/linux-riscv64": {
      "version": "0.27.0",
      "resolved": "https://registry.npmjs.org/@esbuild/linux-riscv64/-/linux-riscv64-0.27.0.tgz",
      "integrity": "sha512-pQdyAIZ0BWIC5GyvVFn5awDiO14TkT/19FTmFcPdDec94KJ1uZcmFs21Fo8auMXzD4Tt+diXu1LW1gHus9fhFQ==",
      "cpu": [
        "riscv64"
      ],
      "license": "MIT",
      "optional": true,
      "os": [
        "linux"
      ],
      "engines": {
        "node": ">=18"
      }
    },
    "node_modules/@esbuild/linux-s390x": {
      "version": "0.27.0",
      "resolved": "https://registry.npmjs.org/@esbuild/linux-s390x/-/linux-s390x-0.27.0.tgz",
      "integrity": "sha512-hPlRWR4eIDDEci953RI1BLZitgi5uqcsjKMxwYfmi4LcwyWo2IcRP+lThVnKjNtk90pLS8nKdroXYOqW+QQH+w==",
      "cpu": [
        "s390x"
      ],
      "license": "MIT",
      "optional": true,
      "os": [
        "linux"
      ],
      "engines": {
        "node": ">=18"
      }
    },
    "node_modules/@esbuild/linux-x64": {
      "version": "0.27.0",
      "resolved": "https://registry.npmjs.org/@esbuild/linux-x64/-/linux-x64-0.27.0.tgz",
      "integrity": "sha512-1hBWx4OUJE2cab++aVZ7pObD6s+DK4mPGpemtnAORBvb5l/g5xFGk0vc0PjSkrDs0XaXj9yyob3d14XqvnQ4gw==",
      "cpu": [
        "x64"
      ],
      "license": "MIT",
      "optional": true,
      "os": [
        "linux"
      ],
      "engines": {
        "node": ">=18"
      }
    },
    "node_modules/@esbuild/netbsd-arm64": {
      "version": "0.27.0",
      "resolved": "https://registry.npmjs.org/@esbuild/netbsd-arm64/-/netbsd-arm64-0.27.0.tgz",
      "integrity": "sha512-6m0sfQfxfQfy1qRuecMkJlf1cIzTOgyaeXaiVaaki8/v+WB+U4hc6ik15ZW6TAllRlg/WuQXxWj1jx6C+dfy3w==",
      "cpu": [
        "arm64"
      ],
      "license": "MIT",
      "optional": true,
      "os": [
        "netbsd"
      ],
      "engines": {
        "node": ">=18"
      }
    },
    "node_modules/@esbuild/netbsd-x64": {
      "version": "0.27.0",
      "resolved": "https://registry.npmjs.org/@esbuild/netbsd-x64/-/netbsd-x64-0.27.0.tgz",
      "integrity": "sha512-xbbOdfn06FtcJ9d0ShxxvSn2iUsGd/lgPIO2V3VZIPDbEaIj1/3nBBe1AwuEZKXVXkMmpr6LUAgMkLD/4D2PPA==",
      "cpu": [
        "x64"
      ],
      "license": "MIT",
      "optional": true,
      "os": [
        "netbsd"
      ],
      "engines": {
        "node": ">=18"
      }
    },
    "node_modules/@esbuild/openbsd-arm64": {
      "version": "0.27.0",
      "resolved": "https://registry.npmjs.org/@esbuild/openbsd-arm64/-/openbsd-arm64-0.27.0.tgz",
      "integrity": "sha512-fWgqR8uNbCQ/GGv0yhzttj6sU/9Z5/Sv/VGU3F5OuXK6J6SlriONKrQ7tNlwBrJZXRYk5jUhuWvF7GYzGguBZQ==",
      "cpu": [
        "arm64"
      ],
      "license": "MIT",
      "optional": true,
      "os": [
        "openbsd"
      ],
      "engines": {
        "node": ">=18"
      }
    },
    "node_modules/@esbuild/openbsd-x64": {
      "version": "0.27.0",
      "resolved": "https://registry.npmjs.org/@esbuild/openbsd-x64/-/openbsd-x64-0.27.0.tgz",
      "integrity": "sha512-aCwlRdSNMNxkGGqQajMUza6uXzR/U0dIl1QmLjPtRbLOx3Gy3otfFu/VjATy4yQzo9yFDGTxYDo1FfAD9oRD2A==",
      "cpu": [
        "x64"
      ],
      "license": "MIT",
      "optional": true,
      "os": [
        "openbsd"
      ],
      "engines": {
        "node": ">=18"
      }
    },
    "node_modules/@esbuild/openharmony-arm64": {
      "version": "0.27.0",
      "resolved": "https://registry.npmjs.org/@esbuild/openharmony-arm64/-/openharmony-arm64-0.27.0.tgz",
      "integrity": "sha512-nyvsBccxNAsNYz2jVFYwEGuRRomqZ149A39SHWk4hV0jWxKM0hjBPm3AmdxcbHiFLbBSwG6SbpIcUbXjgyECfA==",
      "cpu": [
        "arm64"
      ],
      "license": "MIT",
      "optional": true,
      "os": [
        "openharmony"
      ],
      "engines": {
        "node": ">=18"
      }
    },
    "node_modules/@esbuild/sunos-x64": {
      "version": "0.27.0",
      "resolved": "https://registry.npmjs.org/@esbuild/sunos-x64/-/sunos-x64-0.27.0.tgz",
      "integrity": "sha512-Q1KY1iJafM+UX6CFEL+F4HRTgygmEW568YMqDA5UV97AuZSm21b7SXIrRJDwXWPzr8MGr75fUZPV67FdtMHlHA==",
      "cpu": [
        "x64"
      ],
      "license": "MIT",
      "optional": true,
      "os": [
        "sunos"
      ],
      "engines": {
        "node": ">=18"
      }
    },
    "node_modules/@esbuild/win32-arm64": {
      "version": "0.27.0",
      "resolved": "https://registry.npmjs.org/@esbuild/win32-arm64/-/win32-arm64-0.27.0.tgz",
      "integrity": "sha512-W1eyGNi6d+8kOmZIwi/EDjrL9nxQIQ0MiGqe/AWc6+IaHloxHSGoeRgDRKHFISThLmsewZ5nHFvGFWdBYlgKPg==",
      "cpu": [
        "arm64"
      ],
      "license": "MIT",
      "optional": true,
      "os": [
        "win32"
      ],
      "engines": {
        "node": ">=18"
      }
    },
    "node_modules/@esbuild/win32-ia32": {
      "version": "0.27.0",
      "resolved": "https://registry.npmjs.org/@esbuild/win32-ia32/-/win32-ia32-0.27.0.tgz",
      "integrity": "sha512-30z1aKL9h22kQhilnYkORFYt+3wp7yZsHWus+wSKAJR8JtdfI76LJ4SBdMsCopTR3z/ORqVu5L1vtnHZWVj4cQ==",
      "cpu": [
        "ia32"
      ],
      "license": "MIT",
      "optional": true,
      "os": [
        "win32"
      ],
      "engines": {
        "node": ">=18"
      }
    },
    "node_modules/@esbuild/win32-x64": {
      "version": "0.27.0",
      "resolved": "https://registry.npmjs.org/@esbuild/win32-x64/-/win32-x64-0.27.0.tgz",
      "integrity": "sha512-aIitBcjQeyOhMTImhLZmtxfdOcuNRpwlPNmlFKPcHQYPhEssw75Cl1TSXJXpMkzaua9FUetx/4OQKq7eJul5Cg==",
      "cpu": [
        "x64"
      ],
      "license": "MIT",
      "optional": true,
      "os": [
        "win32"
      ],
      "engines": {
        "node": ">=18"
      }
    },
    "node_modules/@hexagon/base64": {
      "version": "1.1.28",
      "resolved": "https://registry.npmjs.org/@hexagon/base64/-/base64-1.1.28.tgz",
      "integrity": "sha512-lhqDEAvWixy3bZ+UOYbPwUbBkwBq5C1LAJ/xPC8Oi+lL54oyakv/npbA0aU2hgCsx/1NUd4IBvV03+aUBWxerw==",
      "license": "MIT"
    },
    "node_modules/@levischuck/tiny-cbor": {
      "version": "0.2.11",
      "resolved": "https://registry.npmjs.org/@levischuck/tiny-cbor/-/tiny-cbor-0.2.11.tgz",
      "integrity": "sha512-llBRm4dT4Z89aRsm6u2oEZ8tfwL/2l6BwpZ7JcyieouniDECM5AqNgr/y08zalEIvW3RSK4upYyybDcmjXqAow==",
      "license": "MIT"
    },
    "node_modules/@noble/ed25519": {
      "version": "2.3.0",
      "resolved": "https://registry.npmjs.org/@noble/ed25519/-/ed25519-2.3.0.tgz",
      "integrity": "sha512-M7dvXL2B92/M7dw9+gzuydL8qn/jiqNHaoR3Q+cb1q1GHV7uwE17WCyFMG+Y+TZb5izcaXk5TdJRrDUxHXL78A==",
      "license": "MIT",
      "funding": {
        "url": "https://paulmillr.com/funding/"
      }
    },
    "node_modules/@peculiar/asn1-android": {
      "version": "2.7.0",
      "resolved": "https://registry.npmjs.org/@peculiar/asn1-android/-/asn1-android-2.7.0.tgz",
      "integrity": "sha512-iD3VskhVQnM4nE3PN9cBdPTR7JrqZy3FYk+uD2CeG6DUqKoANqaEfx0f7izPmW+Qm5JBM35ek+viLCmjy18ByQ==",
      "license": "MIT",
      "dependencies": {
        "@peculiar/asn1-schema": "^2.7.0",
        "asn1js": "^3.0.6",
        "tslib": "^2.8.1"
      }
    },
    "node_modules/@peculiar/asn1-cms": {
      "version": "2.7.0",
      "resolved": "https://registry.npmjs.org/@peculiar/asn1-cms/-/asn1-cms-2.7.0.tgz",
      "integrity": "sha512-hew63shtzzvBcSHbhm+cyAmKe6AIfinT9hzEqSPjDC6opTTMKmTkQ0gHuN2KsWlvqiKw1S/fS94fhag/FJkioQ==",
      "license": "MIT",
      "dependencies": {
        "@peculiar/asn1-schema": "^2.7.0",
        "@peculiar/asn1-x509": "^2.7.0",
        "@peculiar/asn1-x509-attr": "^2.7.0",
        "asn1js": "^3.0.6",
        "tslib": "^2.8.1"
      }
    },
    "node_modules/@peculiar/asn1-csr": {
      "version": "2.7.0",
      "resolved": "https://registry.npmjs.org/@peculiar/asn1-csr/-/asn1-csr-2.7.0.tgz",
      "integrity": "sha512-VVsAyGqErT9D1SY4aEqozThXMVI+ssVRiv2DDeYuvpBKLIgZ3hYs3Ay3u/VSoKq6ESFi9cf6rf3IOOzfwh7oMA==",
      "license": "MIT",
      "dependencies": {
        "@peculiar/asn1-schema": "^2.7.0",
        "@peculiar/asn1-x509": "^2.7.0",
        "asn1js": "^3.0.6",
        "tslib": "^2.8.1"
      }
    },
    "node_modules/@peculiar/asn1-ecc": {
      "version": "2.7.0",
      "resolved": "https://registry.npmjs.org/@peculiar/asn1-ecc/-/asn1-ecc-2.7.0.tgz",
      "integrity": "sha512-n7KEs/Q/wrB415cxy4fHOBhegp4NdJ15fkJPwcB/3/8iNBQC2L/N7SChJPKDJPZGYH0jD4Tg4/0vnHmwghnbKw==",
      "license": "MIT",
      "dependencies": {
        "@peculiar/asn1-schema": "^2.7.0",
        "@peculiar/asn1-x509": "^2.7.0",
        "asn1js": "^3.0.6",
        "tslib": "^2.8.1"
      }
    },
    "node_modules/@peculiar/asn1-pfx": {
      "version": "2.7.0",
      "resolved": "https://registry.npmjs.org/@peculiar/asn1-pfx/-/asn1-pfx-2.7.0.tgz",
      "integrity": "sha512-V/nrlQVmhg7lYAsM7E13UDL5erAwFv6kCIVFqNaMIHSVi7dngcT839JkRTkQBqznMG98l2XjxYk74ZztAohZzA==",
      "license": "MIT",
      "dependencies": {
        "@peculiar/asn1-cms": "^2.7.0",
        "@peculiar/asn1-pkcs8": "^2.7.0",
        "@peculiar/asn1-rsa": "^2.7.0",
        "@peculiar/asn1-schema": "^2.7.0",
        "asn1js": "^3.0.6",
        "tslib": "^2.8.1"
      }
    },
    "node_modules/@peculiar/asn1-pkcs8": {
      "version": "2.7.0",
      "resolved": "https://registry.npmjs.org/@peculiar/asn1-pkcs8/-/asn1-pkcs8-2.7.0.tgz",
      "integrity": "sha512-9GTl1nE8Mx1kTZ+7QyYatDyKsm34QcWRBFkY1iPvWC3X4Dona5s/tlLiQsx5WzVdZqiMBZNYT0buyw4/vbhnjw==",
      "license": "MIT",
      "dependencies": {
        "@peculiar/asn1-schema": "^2.7.0",
        "@peculiar/asn1-x509": "^2.7.0",
        "asn1js": "^3.0.6",
        "tslib": "^2.8.1"
      }
    },
    "node_modules/@peculiar/asn1-pkcs9": {
      "version": "2.7.0",
      "resolved": "https://registry.npmjs.org/@peculiar/asn1-pkcs9/-/asn1-pkcs9-2.7.0.tgz",
      "integrity": "sha512-Bh7m+OuIaSEllPQcSd9OSp93F4ROWH7sbITWV8MI+8dwsjE5111/87VxiWVvYFKyww3vp39geLv9ENqhwWHcew==",
      "license": "MIT",
      "dependencies": {
        "@peculiar/asn1-cms": "^2.7.0",
        "@peculiar/asn1-pfx": "^2.7.0",
        "@peculiar/asn1-pkcs8": "^2.7.0",
        "@peculiar/asn1-schema": "^2.7.0",
        "@peculiar/asn1-x509": "^2.7.0",
        "@peculiar/asn1-x509-attr": "^2.7.0",
        "asn1js": "^3.0.6",
        "tslib": "^2.8.1"
      }
    },
    "node_modules/@peculiar/asn1-rsa": {
      "version": "2.7.0",
      "resolved": "https://registry.npmjs.org/@peculiar/asn1-rsa/-/asn1-rsa-2.7.0.tgz",
      "integrity": "sha512-/qvENQrXyTZURjMqSeofHul0JJt2sNSzSwk36pl2olkHbaioMQgrASDZAlHXl0xUlnVbHj0uGgOrBMTb5x2aJQ==",
      "license": "MIT",
      "dependencies": {
        "@peculiar/asn1-schema": "^2.7.0",
        "@peculiar/asn1-x509": "^2.7.0",
        "asn1js": "^3.0.6",
        "tslib": "^2.8.1"
      }
    },
    "node_modules/@peculiar/asn1-schema": {
      "version": "2.7.0",
      "resolved": "https://registry.npmjs.org/@peculiar/asn1-schema/-/asn1-schema-2.7.0.tgz",
      "integrity": "sha512-W8ZfWzLmQnrcky+eh3tni4IozMdqBDiHWU0N+vve/UGjMaUs8c0L7A2oEdkBXS8rTpWDpK/aoI3DG/L/hxmxPg==",
      "license": "MIT",
      "dependencies": {
        "@peculiar/utils": "^2.0.2",
        "asn1js": "^3.0.6",
        "tslib": "^2.8.1"
      }
    },
    "node_modules/@peculiar/asn1-x509": {
      "version": "2.7.0",
      "resolved": "https://registry.npmjs.org/@peculiar/asn1-x509/-/asn1-x509-2.7.0.tgz",
      "integrity": "sha512-mUn9RRrkGDnG4ALfunDmzyRW5dg+sWCj/pfnCCqEHYbkGxEpvUt6iVJv8Yw1cyp6SWZ26ZE5oSmI5SqEaen15g==",
      "license": "MIT",
      "dependencies": {
        "@peculiar/asn1-schema": "^2.7.0",
        "@peculiar/utils": "^2.0.2",
        "asn1js": "^3.0.6",
        "tslib": "^2.8.1"
      }
    },
    "node_modules/@peculiar/asn1-x509-attr": {
      "version": "2.7.0",
      "resolved": "https://registry.npmjs.org/@peculiar/asn1-x509-attr/-/asn1-x509-attr-2.7.0.tgz",
      "integrity": "sha512-NS8e7SOgXipkzUPLF/sce7ukpMpWjhxYsH0n6Y+bHYo4TTxOb95Zv7hqwSuL212mj5YxovjdOKQOgH1As3E94w==",
      "license": "MIT",
      "dependencies": {
        "@peculiar/asn1-schema": "^2.7.0",
        "@peculiar/asn1-x509": "^2.7.0",
        "asn1js": "^3.0.6",
        "tslib": "^2.8.1"
      }
    },
    "node_modules/@peculiar/utils": {
      "version": "2.0.3",
      "resolved": "https://registry.npmjs.org/@peculiar/utils/-/utils-2.0.3.tgz",
      "integrity": "sha512-+oL3HPFRIZ1St2K50lWCXiioIgSoxzz7R1J3uF6neO2yl1sgmpgY6XXJH4BdpoDkMWznQTeYF6oWNDZLCdQ4eQ==",
      "license": "MIT",
      "dependencies": {
        "tslib": "^2.8.1"
      }
    },
    "node_modules/@peculiar/x509": {
      "version": "1.14.3",
      "resolved": "https://registry.npmjs.org/@peculiar/x509/-/x509-1.14.3.tgz",
      "integrity": "sha512-C2Xj8FZ0uHWeCXXqX5B4/gVFQmtSkiuOolzAgutjTfseNOHT3pUjljDZsTSxXFGgio54bCzVFqmEOUrIVk8RDA==",
      "license": "MIT",
      "dependencies": {
        "@peculiar/asn1-cms": "^2.6.0",
        "@peculiar/asn1-csr": "^2.6.0",
        "@peculiar/asn1-ecc": "^2.6.0",
        "@peculiar/asn1-pkcs9": "^2.6.0",
        "@peculiar/asn1-rsa": "^2.6.0",
        "@peculiar/asn1-schema": "^2.6.0",
        "@peculiar/asn1-x509": "^2.6.0",
        "pvtsutils": "^1.3.6",
        "reflect-metadata": "^0.2.2",
        "tslib": "^2.8.1",
        "tsyringe": "^4.10.0"
      },
      "engines": {
        "node": ">=20.0.0"
      }
    },
    "node_modules/@simplewebauthn/server": {
      "version": "13.3.0",
      "resolved": "https://registry.npmjs.org/@simplewebauthn/server/-/server-13.3.0.tgz",
      "integrity": "sha512-MLHYFrYG8/wK2i+86XMhiecK72nMaHKKt4bo+7Q1TbuG9iGjlSdfkPWKO5ZFE/BX+ygCJ7pr8H/AJeyAj1EaTQ==",
      "license": "MIT",
      "dependencies": {
        "@hexagon/base64": "^1.1.27",
        "@levischuck/tiny-cbor": "^0.2.2",
        "@peculiar/asn1-android": "^2.6.0",
        "@peculiar/asn1-ecc": "^2.6.1",
        "@peculiar/asn1-rsa": "^2.6.1",
        "@peculiar/asn1-schema": "^2.6.0",
        "@peculiar/asn1-x509": "^2.6.1",
        "@peculiar/x509": "^1.14.3"
      },
      "engines": {
        "node": ">=20.0.0"
      }
    },
    "node_modules/@types/node": {
      "version": "25.4.0",
      "resolved": "https://registry.npmjs.org/@types/node/-/node-25.4.0.tgz",
      "integrity": "sha512-9wLpoeWuBlcbBpOY3XmzSTG3oscB6xjBEEtn+pYXTfhyXhIxC5FsBer2KTopBlvKEiW9l13po9fq+SJY/5lkhw==",
      "dev": true,
      "license": "MIT",
      "dependencies": {
        "undici-types": "~7.18.0"
      }
    },
    "node_modules/asn1js": {
      "version": "3.0.10",
      "resolved": "https://registry.npmjs.org/asn1js/-/asn1js-3.0.10.tgz",
      "integrity": "sha512-S2s3aOytiKdFRdulw2qPE51MzjzVOisppcVv7jVFR+Kw0kxwvFrDcYA0h7Ndqbmj0HkMIXYWaoj7fli8kgx1eg==",
      "license": "BSD-3-Clause",
      "dependencies": {
        "pvtsutils": "^1.3.6",
        "pvutils": "^1.1.5",
        "tslib": "^2.8.1"
      },
      "engines": {
        "node": ">=12.0.0"
      }
    },
    "node_modules/convex": {
      "version": "1.41.0",
      "resolved": "https://registry.npmjs.org/convex/-/convex-1.41.0.tgz",
      "integrity": "sha512-euxVf6yfpB7/VGKOobkLgjpbJidsUgW+b0ezonEyCUPqlpHFwR4/yIiI1hjjErzraiw91GxrtxpXQClMLNqU+w==",
      "license": "Apache-2.0",
      "dependencies": {
        "esbuild": "0.27.0",
        "prettier": "^3.0.0",
        "ws": "8.20.1"
      },
      "bin": {
        "convex": "bin/main.js"
      },
      "engines": {
        "node": ">=18.0.0",
        "npm": ">=7.0.0"
      },
      "peerDependencies": {
        "@auth0/auth0-react": "^2.0.1",
        "@clerk/clerk-react": "^4.12.8 || ^5.0.0",
        "@clerk/react": "^6.4.3",
        "react": "^18.0.0 || ^19.0.0-0 || ^19.0.0"
      },
      "peerDependenciesMeta": {
        "@auth0/auth0-react": {
          "optional": true
        },
        "@clerk/clerk-react": {
          "optional": true
        },
        "@clerk/react": {
          "optional": true
        },
        "react": {
          "optional": true
        }
      }
    },
    "node_modules/esbuild": {
      "version": "0.27.0",
      "resolved": "https://registry.npmjs.org/esbuild/-/esbuild-0.27.0.tgz",
      "integrity": "sha512-jd0f4NHbD6cALCyGElNpGAOtWxSq46l9X/sWB0Nzd5er4Kz2YTm+Vl0qKFT9KUJvD8+fiO8AvoHhFvEatfVixA==",
      "hasInstallScript": true,
      "license": "MIT",
      "bin": {
        "esbuild": "bin/esbuild"
      },
      "engines": {
        "node": ">=18"
      },
      "optionalDependencies": {
        "@esbuild/aix-ppc64": "0.27.0",
        "@esbuild/android-arm": "0.27.0",
        "@esbuild/android-arm64": "0.27.0",
        "@esbuild/android-x64": "0.27.0",
        "@esbuild/darwin-arm64": "0.27.0",
        "@esbuild/darwin-x64": "0.27.0",
        "@esbuild/freebsd-arm64": "0.27.0",
        "@esbuild/freebsd-x64": "0.27.0",
        "@esbuild/linux-arm": "0.27.0",
        "@esbuild/linux-arm64": "0.27.0",
        "@esbuild/linux-ia32": "0.27.0",
        "@esbuild/linux-loong64": "0.27.0",
        "@esbuild/linux-mips64el": "0.27.0",
        "@esbuild/linux-ppc64": "0.27.0",
        "@esbuild/linux-riscv64": "0.27.0",
        "@esbuild/linux-s390x": "0.27.0",
        "@esbuild/linux-x64": "0.27.0",
        "@esbuild/netbsd-arm64": "0.27.0",
        "@esbuild/netbsd-x64": "0.27.0",
        "@esbuild/openbsd-arm64": "0.27.0",
        "@esbuild/openbsd-x64": "0.27.0",
        "@esbuild/openharmony-arm64": "0.27.0",
        "@esbuild/sunos-x64": "0.27.0",
        "@esbuild/win32-arm64": "0.27.0",
        "@esbuild/win32-ia32": "0.27.0",
        "@esbuild/win32-x64": "0.27.0"
      }
    },
    "node_modules/jose": {
      "version": "6.2.3",
      "resolved": "https://registry.npmjs.org/jose/-/jose-6.2.3.tgz",
      "integrity": "sha512-YYVDInQKFJfR/xa3ojUTl8c2KoTwiL1R5Wg9YCydwH0x0B9grbzlg5HC7mMjCtUJjbQ/YnGEZIhI5tCgfTb4Hw==",
      "license": "MIT",
      "funding": {
        "url": "https://github.com/sponsors/panva"
      }
    },
    "node_modules/prettier": {
      "version": "3.8.1",
      "resolved": "https://registry.npmjs.org/prettier/-/prettier-3.8.1.tgz",
      "integrity": "sha512-UOnG6LftzbdaHZcKoPFtOcCKztrQ57WkHDeRD9t/PTQtmT0NHSeWWepj6pS0z/N7+08BHFDQVUrfmfMRcZwbMg==",
      "license": "MIT",
      "bin": {
        "prettier": "bin/prettier.cjs"
      },
      "engines": {
        "node": ">=14"
      },
      "funding": {
        "url": "https://github.com/prettier/prettier?sponsor=1"
      }
    },
    "node_modules/pvtsutils": {
      "version": "1.3.6",
      "resolved": "https://registry.npmjs.org/pvtsutils/-/pvtsutils-1.3.6.tgz",
      "integrity": "sha512-PLgQXQ6H2FWCaeRak8vvk1GW462lMxB5s3Jm673N82zI4vqtVUPuZdffdZbPDFRoU8kAhItWFtPCWiPpp4/EDg==",
      "license": "MIT",
      "dependencies": {
        "tslib": "^2.8.1"
      }
    },
    "node_modules/pvutils": {
      "version": "1.1.5",
      "resolved": "https://registry.npmjs.org/pvutils/-/pvutils-1.1.5.tgz",
      "integrity": "sha512-KTqnxsgGiQ6ZAzZCVlJH5eOjSnvlyEgx1m8bkRJfOhmGRqfo5KLvmAlACQkrjEtOQ4B7wF9TdSLIs9O90MX9xA==",
      "license": "MIT",
      "engines": {
        "node": ">=16.0.0"
      }
    },
    "node_modules/reflect-metadata": {
      "version": "0.2.2",
      "resolved": "https://registry.npmjs.org/reflect-metadata/-/reflect-metadata-0.2.2.tgz",
      "integrity": "sha512-urBwgfrvVP/eAyXx4hluJivBKzuEbSQs9rKWCrCkbSxNv8mxPcUZKeuoF3Uy4mJl3Lwprp6yy5/39VWigZ4K6Q==",
      "license": "Apache-2.0"
    },
    "node_modules/tslib": {
      "version": "2.8.1",
      "resolved": "https://registry.npmjs.org/tslib/-/tslib-2.8.1.tgz",
      "integrity": "sha512-oJFu94HQb+KVduSUQL7wnpmqnfmLsOA/nAh6b6EH0wCEoK0/mPeXU6c3wKDV83MkOuHPRHtSXKKU99IBazS/2w==",
      "license": "0BSD"
    },
    "node_modules/tsyringe": {
      "version": "4.10.0",
      "resolved": "https://registry.npmjs.org/tsyringe/-/tsyringe-4.10.0.tgz",
      "integrity": "sha512-axr3IdNuVIxnaK5XGEUFTu3YmAQ6lllgrvqfEoR16g/HGnYY/6We4oWENtAnzK6/LpJ2ur9PAb80RBt7/U4ugw==",
      "license": "MIT",
      "dependencies": {
        "tslib": "^1.9.3"
      },
      "engines": {
        "node": ">= 6.0.0"
      }
    },
    "node_modules/tsyringe/node_modules/tslib": {
      "version": "1.14.1",
      "resolved": "https://registry.npmjs.org/tslib/-/tslib-1.14.1.tgz",
      "integrity": "sha512-Xni35NKzjgMrwevysHTCArtLDpPvye8zV/0E4EyYn43P7/7qvQwPh9BGkHewbMulVntbigmcT7rdX3BNo9wRJg==",
      "license": "0BSD"
    },
    "node_modules/typescript": {
      "version": "5.9.3",
      "resolved": "https://registry.npmjs.org/typescript/-/typescript-5.9.3.tgz",
      "integrity": "sha512-jl1vZzPDinLr9eUt3J/t7V6FgNEw9QjvBPdysz9KfQDD41fQrC2Y4vKQdiaUpFT4bXlb1RHhLpp8wtm6M5TgSw==",
      "dev": true,
      "license": "Apache-2.0",
      "bin": {
        "tsc": "bin/tsc",
        "tsserver": "bin/tsserver"
      },
      "engines": {
        "node": ">=14.17"
      }
    },
    "node_modules/undici-types": {
      "version": "7.18.2",
      "resolved": "https://registry.npmjs.org/undici-types/-/undici-types-7.18.2.tgz",
      "integrity": "sha512-AsuCzffGHJybSaRrmr5eHr81mwJU3kjw6M+uprWvCXiNeN9SOGwQ3Jn8jb8m3Z6izVgknn1R0FTCEAP2QrLY/w==",
      "dev": true,
      "license": "MIT"
    },
    "node_modules/ws": {
      "version": "8.21.0",
      "resolved": "https://registry.npmjs.org/ws/-/ws-8.21.0.tgz",
      "integrity": "sha512-Vsp28b7DRcimFQvrqu2Wek3z1iYxDCWqHYB8Qsnk/S4RfaCQzPGPyBNuVjJV3cd6UiKtUtp6sNM77gWvzcCH+g==",
      "license": "MIT",
      "engines": {
        "node": ">=10.0.0"
      },
      "peerDependencies": {
        "bufferutil": "^4.0.1",
        "utf-8-validate": ">=5.0.2"
      },
      "peerDependenciesMeta": {
        "bufferutil": {
          "optional": true
        },
        "utf-8-validate": {
          "optional": true
        }
      }
    }
  }
}
