{
  "name": "yaver-cli",
  "version": "1.95.6",
  "lockfileVersion": 3,
  "requires": true,
  "packages": {
    "": {
      "name": "yaver-cli",
      "version": "1.95.6",
      "license": "AGPL-3.0-only",
      "dependencies": {
        "semver": "^7.6.0"
      },
      "bin": {
        "yaver": "bin/yaver",
        "yaver-push": "bin/yaver-push"
      },
      "engines": {
        "node": ">=18"
      }
    },
    "node_modules/semver": {
      "version": "7.7.4",
      "resolved": "https://registry.npmjs.org/semver/-/semver-7.7.4.tgz",
      "integrity": "sha512-vFKC2IEtQnVhpT78h1Yp8wzwrf8CM+MzKMHGJZfBtzhZNycRFnXsHk6E5TxIkkMsgNS7mdX3AGB7x2QM2di4lA==",
      "license": "ISC",
      "bin": {
        "semver": "bin/semver.js"
      },
      "engines": {
        "node": ">=10"
      }
    }
  }
}
